github.com/aws/aws-sdk-go v1.25.4 h1:exwxtR517g6OKm2rtAD5EANtjbzmnjEAco189zy/Uhc=
github.com/aws/aws-sdk-go v1.25.4/go.mod h1:KmX6BPdI08NWTb3/sm4ZGu5ShLoqVDhKgpiN924inxo=
github.com/davecgh/go-spew v1.1.0 h1:ZDRjVQ15GmhC3fiQ8ni8+OwkZQO4DARzQgrnXU1Liz8=
github.com/davecgh/go-spew v1.1.0/go.mod h1:J7Y8YcW2NihsgmVo/mv3lAwl/skON4iLHjSsI+c5H38=
github.com/go-ini/ini v1.48.0 h1:TvO60hO/2xgaaTWp2P0wUe4CFxwdMzfbkv3+343Xzqw=
github.com/go-ini/ini v1.48.0/go.mod h1:ByCAeIL28uOIIG0E3PJtZPDL8WnHpFKFOtgjp+3Ies8=
github.com/golang-interfaces/ios v0.0.0-20170803194714-da59acb78efc h1:b+cg/D8nIua9FZgnR8b5MpcCgQih/g+mZZGAK03CXX8=
github.com/golang-interfaces/ios v0.0.0-20170803194714-da59acb78efc/go.mod h1:aF6E7f2TOZM3ucm5Xcv8H9UJvKoPoWComRgDsktXIzM=
github.com/golang-utils/lockfile v0.0.0-20170803195317-342df9650a96 h1:wJyyMmuwIb6E3VwSKr03L9IA2JC8pySS/kYLiylXbFg=
github.com/golang-utils/lockfile v0.0.0-20170803195317-342df9650a96/go.mod h1:NTqD3Bo7jXafAd8czRuocL637kiUJ2HWvsvJK26CHJM=
github.com/golang-utils/pscanary v0.0.0-20170803195345-167b86ee2e7e h1:p1IFBtTUIWsxrle2OV+/2EdBB6EBTSFy3bbGBhizIw4=
github.com/golang-utils/pscanary v0.0.0-20170803195345-167b86ee2e7e/go.mod h1:IDUm8xWd84kcSlNSpeWUzvtT16pknpADFI7kX8YD+zg=
github.com/jmespath/go-jmespath v0.0.0-20180206201540-c2b33e8439af h1:pmfjZENx5imkbgOkpRUYLnmbU7UEFbjtDA2hxJ1ichM=
github.com/jmespath/go-jmespath v0.0.0-20180206201540-c2b33e8439af/go.mod h1:Nht3zPeWKUH0NzdCt2Blrr5ys8VGpn0CEB0cQHVjt7k=
github.com/pmezard/go-difflib v1.0.0 h1:4DBwDE0NGyQoBHbLQYPwSUPoCMWR5BEzIk/f1lZbAQM=
github.com/pmezard/go-difflib v1.0.0/go.mod h1:iKH77koFhYxTK1pcRnkKkqfTogsbg7gZNVY4sRDYZ/4=
github.com/stretchr/objx v0.1.0/go.mod h1:HFkY916IF+rwdDfMAkV7OtwuqBVzrE8GR6GFx+wExME=
github.com/stretchr/testify v1.4.0 h1:2E4SXV/wtOkTonXsotYi4li6zVWxYlZuYNCXe9XRJyk=
github.com/stretchr/testify v1.4.0/go.mod h1:j7eGeouHqKxXV5pUuKE4zz7dFj8WfuZ+81PSLYec5m4=
gopkg.in/check.v1 v0.0.0-20161208181325-20d25e280405/go.mod h1:Co6ibVJAznAaIkqp8huTwlJQCZ016jof/cbN4VW5Yz0=
gopkg.in/yaml.v2 v2.2.2/go.mod h1:hI93XBmqTisBFMUTm0b8Fm+jr3Dg1NNxqwp+5A1VGuI=
gopkg.in/yaml.v2 v2.2.4 h1:/eiJrUcujPVeJ3xlSWaiNi3uSVmDGBK1pDHUHAnao1I=
gopkg.in/yaml.v2 v2.2.4/go.mod h1:hI93XBmqTisBFMUTm0b8Fm+jr3Dg1NNxqwp+5A1VGuI=
